
Microsoft Visual Studio Solution File, Format Version 12.00
# Visual Studio Version 16
VisualStudioVersion = 16.0.29609.76
MinimumVisualStudioVersion = 10.0.40219.1
Project("{FAE04EC0-301F-11D3-BF4B-00C04F79EFBC}") = "EmployeeServiceASPNETWebApi", "EmployeeServiceASPNETWebApi\EmployeeServiceASPNETWebApi.csproj", "{6DDE8AC4-DBA7-40DC-A090-D926518AB8B1}"
EndProject
Project("{FAE04EC0-301F-11D3-BF4B-00C04F79EFBC}") = "EmployeeDataAcces", "EmployeeDataAcces\EmployeeDataAcces.csproj", "{380B20FF-1A3A-4A52-98E9-50DD745A408A}"
EndProject
Global
	GlobalSection(SolutionConfigurationPlatforms) = preSolution
		Debug|Any CPU = Debug|Any CPU
		Release|Any CPU = Release|Any CPU
	EndGlobalSection
	GlobalSection(ProjectConfigurationPlatforms) = postSolution
		{6DDE8AC4-DBA7-40DC-A090-D926518AB8B1}.Debug|Any CPU.ActiveCfg = Debug|Any CPU
		{6DDE8AC4-DBA7-40DC-A090-D926518AB8B1}.Debug|Any CPU.Build.0 = Debug|Any CPU
		{6DDE8AC4-DBA7-40DC-A090-D926518AB8B1}.Release|Any CPU.ActiveCfg = Release|Any CPU
		{6DDE8AC4-DBA7-40DC-A090-D926518AB8B1}.Release|Any CPU.Build.0 = Release|Any CPU
		{380B20FF-1A3A-4A52-98E9-50DD745A408A}.Debug|Any CPU.ActiveCfg = Debug|Any CPU
		{380B20FF-1A3A-4A52-98E9-50DD745A408A}.Debug|Any CPU.Build.0 = Debug|Any CPU
		{380B20FF-1A3A-4A52-98E9-50DD745A408A}.Release|Any CPU.ActiveCfg = Release|Any CPU
		{380B20FF-1A3A-4A52-98E9-50DD745A408A}.Release|Any CPU.Build.0 = Release|Any CPU
	EndGlobalSection
	GlobalSection(SolutionProperties) = preSolution
		HideSolutionNode = FALSE
	EndGlobalSection
	GlobalSection(ExtensibilityGlobals) = postSolution
		SolutionGuid = {77335975-A98B-4139-9640-AC09B58B29C0}
	EndGlobalSection
EndGlobal
